# This file is autogenerated, do not edit; changes may be undone by the next 'dep ensure'.


[[projects]]
  branch = "master"
  digest = "1:bb46089914151e0fee13cddd0bcf1bf2d85ad5f4157558a547df1675b33a94a4"
  name = "github.com/osallou/goterra-community"
  packages = ["tools/model"]
  pruneopts = "UT"
  revision = "65041875003f748c55a80713810e17cc2ff06afd"

[[projects]]
  branch = "master"
  digest = "1:76e798c3ef6f18f4a453574c84b3a011bb2a8d03c80d1d30588c473f3f8d08b9"
  name = "github.com/osallou/goterra-lib"
  packages = ["lib/model"]
  pruneopts = "UT"
  revision = "d4e21588666f5a4b0f574364eb7b10ca4b449070"

[[projects]]
  digest = "1:1cabe44fb226a08664539c7ff79f25940284d9e2116187a74c90472a51c257ca"
  name = "go.mongodb.org/mongo-driver"
  packages = ["bson/primitive"]
  pruneopts = "UT"
  revision = "0d1270edf53072da4da781b76d2e1db58831152f"
  version = "v1.0.4"

[[projects]]
  digest = "1:4d2e5a73dc1500038e504a8d78b986630e3626dc027bc030ba5c75da257cdb96"
  name = "gopkg.in/yaml.v2"
  packages = ["."]
  pruneopts = "UT"
  revision = "51d6538a90f86fe93ac480b35f37b2be17fef232"
  version = "v2.2.2"

[solve-meta]
  analyzer-name = "dep"
  analyzer-version = 1
  input-imports = [
    "github.com/osallou/goterra-community/tools/model",
    "github.com/osallou/goterra-lib/lib/model",
    "gopkg.in/yaml.v2",
  ]
  solver-name = "gps-cdcl"
  solver-version = 1
