# This file is autogenerated, do not edit; changes may be undone by the next 'dep ensure'.


[[projects]]
  branch = "master"
  digest = "1:bb46089914151e0fee13cddd0bcf1bf2d85ad5f4157558a547df1675b33a94a4"
  name = "github.com/osallou/goterra-community"
  packages = ["tools/model"]
  pruneopts = "UT"
  revision = "7c6c430c7bf2110edf4b93842ca46571ce237355"

[[projects]]
  branch = "master"
  digest = "1:aed6f7a9659b62ba6e3f2606d8e8a99aa29937451bb138273c322c7747e58ed3"
  name = "github.com/osallou/goterra-lib"
  packages = ["lib/model"]
  pruneopts = "UT"
  revision = "2397d0d70a01008185df077c9c958dc57398153f"

[[projects]]
  digest = "1:1cabe44fb226a08664539c7ff79f25940284d9e2116187a74c90472a51c257ca"
  name = "go.mongodb.org/mongo-driver"
  packages = ["bson/primitive"]
  pruneopts = "UT"
  revision = "582ff343271e8893d785ff094855498c285bce0a"
  version = "v1.0.3"

[[projects]]
  digest = "1:4d2e5a73dc1500038e504a8d78b986630e3626dc027bc030ba5c75da257cdb96"
  name = "gopkg.in/yaml.v2"
  packages = ["."]
  pruneopts = "UT"
  revision = "51d6538a90f86fe93ac480b35f37b2be17fef232"
  version = "v2.2.2"

[solve-meta]
  analyzer-name = "dep"
  analyzer-version = 1
  input-imports = [
    "github.com/osallou/goterra-community/tools/model",
    "github.com/osallou/goterra-lib/lib/model",
    "gopkg.in/yaml.v2",
  ]
  solver-name = "gps-cdcl"
  solver-version = 1
