# This file is autogenerated, do not edit; changes may be undone by the next 'dep ensure'.


[[projects]]
  branch = "master"
  digest = "1:bc5b97aed67c36c5cf36a64baaab914ce3b2083a07be5bb861e085a75d9e7ea3"
  name = "github.com/osallou/goterra-community"
  packages = ["tools/model"]
  pruneopts = "UT"
  revision = "369bf2bb9e7efec44982a968915492f6fb3a4067"

[[projects]]
  digest = "1:4d2e5a73dc1500038e504a8d78b986630e3626dc027bc030ba5c75da257cdb96"
  name = "gopkg.in/yaml.v2"
  packages = ["."]
  pruneopts = "UT"
  revision = "51d6538a90f86fe93ac480b35f37b2be17fef232"
  version = "v2.2.2"

[solve-meta]
  analyzer-name = "dep"
  analyzer-version = 1
  input-imports = [
    "github.com/osallou/goterra-community/tools/model",
    "gopkg.in/yaml.v2",
  ]
  solver-name = "gps-cdcl"
  solver-version = 1
